
Microsoft Visual Studio Solution File, Format Version 12.00
# Visual Studio Version 17
VisualStudioVersion = 17.2.32630.192
MinimumVisualStudioVersion = 10.0.40219.1
Project("{FAE04EC0-301F-11D3-BF4B-00C04F79EFBC}") = "DockerHostTest", "DockerHostTest.csproj", "{4FD12F52-C240-4468-A7DF-CFF2ECE65887}"
EndProject
Project("{E53339B2-1760-4266-BCC7-CA923CBCF16C}") = "docker-compose", "docker-compose.dcproj", "{45F3D221-9D96-4EEC-8C2A-C083D3B934A2}"
EndProject
Global
	GlobalSection(SolutionConfigurationPlatforms) = preSolution
		Debug|Any CPU = Debug|Any CPU
		Release|Any CPU = Release|Any CPU
	EndGlobalSection
	GlobalSection(ProjectConfigurationPlatforms) = postSolution
		{4FD12F52-C240-4468-A7DF-CFF2ECE65887}.Debug|Any CPU.ActiveCfg = Debug|Any CPU
		{4FD12F52-C240-4468-A7DF-CFF2ECE65887}.Debug|Any CPU.Build.0 = Debug|Any CPU
		{4FD12F52-C240-4468-A7DF-CFF2ECE65887}.Release|Any CPU.ActiveCfg = Release|Any CPU
		{4FD12F52-C240-4468-A7DF-CFF2ECE65887}.Release|Any CPU.Build.0 = Release|Any CPU
		{45F3D221-9D96-4EEC-8C2A-C083D3B934A2}.Debug|Any CPU.ActiveCfg = Debug|Any CPU
		{45F3D221-9D96-4EEC-8C2A-C083D3B934A2}.Debug|Any CPU.Build.0 = Debug|Any CPU
		{45F3D221-9D96-4EEC-8C2A-C083D3B934A2}.Release|Any CPU.ActiveCfg = Release|Any CPU
		{45F3D221-9D96-4EEC-8C2A-C083D3B934A2}.Release|Any CPU.Build.0 = Release|Any CPU
	EndGlobalSection
	GlobalSection(SolutionProperties) = preSolution
		HideSolutionNode = FALSE
	EndGlobalSection
	GlobalSection(ExtensibilityGlobals) = postSolution
		SolutionGuid = {C087AEE4-E0EF-4B2E-9BD3-E5C2781A2846}
	EndGlobalSection
EndGlobal
